// !$*UTF8*$!
{
	archiveVersion = 1;
	classes = {
	};
	objectVersion = 46;
	objects = {

/* Begin PBXBuildFile section */
		614568491C55D38F00C3B860 /* main.cpp in Sources */ = {isa = PBXBuildFile; fileRef = 614568481C55D38F00C3B860 /* main.cpp */; };
/* End PBXBuildFile section */

/* Begin PBXCopyFilesBuildPhase section */
		614568431C55D38F00C3B860 /* CopyFiles */ = {
			isa = PBXCopyFilesBuildPhase;
			buildActionMask = 2147483647;
			dstPath = /usr/share/man/man1/;
			dstSubfolderSpec = 0;
			files = (
			);
			runOnlyForDeploymentPostprocessing = 1;
		};
/* End PBXCopyFilesBuildPhase section */

/* Begin PBXFileReference section */
		614568451C55D38F00C3B860 /* cracking_the_coding_interview */ = {isa = PBXFileReference; explicitFileType = "compiled.mach-o.executable"; includeInIndex = 0; path = cracking_the_coding_interview; sourceTree = BUILT_PRODUCTS_DIR; };
		614568481C55D38F00C3B860 /* main.cpp */ = {isa = PBXFileReference; lastKnownFileType = sourcecode.cpp.cpp; path = main.cpp; sourceTree = "<group>"; };
/* End PBXFileReference section */

/* Begin PBXFrameworksBuildPhase section */
		614568421C55D38F00C3B860 /* Frameworks */ = {
			isa = PBXFrameworksBuildPhase;
			buildActionMask = 2147483647;
			files = (
			);
			runOnlyForDeploymentPostprocessing = 0;
		};
/* End PBXFrameworksBuildPhase section */

/* Begin PBXGroup section */
		6145683C1C55D38F00C3B860 = {
			isa = PBXGroup;
			children = (
				614568471C55D38F00C3B860 /* cracking_the_coding_interview */,
				614568461C55D38F00C3B860 /* Products */,
			);
			sourceTree = "<group>";
		};
		614568461C55D38F00C3B860 /* Products */ = {
			isa = PBXGroup;
			children = (
				614568451C55D38F00C3B860 /* cracking_the_coding_interview */,
			);
			name = Products;
			sourceTree = "<group>";
		};
		614568471C55D38F00C3B860 /* cracking_the_coding_interview */ = {
			isa = PBXGroup;
			children = (
				614568481C55D38F00C3B860 /* main.cpp */,
			);
			path = cracking_the_coding_interview;
			sourceTree = "<group>";
		};
/* End PBXGroup section */

/* Begin PBXNativeTarget section */
		614568441C55D38F00C3B860 /* cracking_the_coding_interview */ = {
			isa = PBXNativeTarget;
			buildConfigurationList = 6145684C1C55D38F00C3B860 /* Build configuration list for PBXNativeTarget "cracking_the_coding_interview" */;
			buildPhases = (
				614568411C55D38F00C3B860 /* Sources */,
				614568421C55D38F00C3B860 /* Frameworks */,
				614568431C55D38F00C3B860 /* CopyFiles */,
			);
			buildRules = (
			);
			dependencies = (
			);
			name = cracking_the_coding_interview;
			productName = cracking_the_coding_interview;
			productReference = 614568451C55D38F00C3B860 /* cracking_the_coding_interview */;
			productType = "com.apple.product-type.tool";
		};
/* End PBXNativeTarget section */

/* Begin PBXProject section */
		6145683D1C55D38F00C3B860 /* Project object */ = {
			isa = PBXProject;
			attributes = {
				LastUpgradeCheck = 0720;
				ORGANIZATIONNAME = "Vincent Tang";
				TargetAttributes = {
					614568441C55D38F00C3B860 = {
						CreatedOnToolsVersion = 7.2;
					};
				};
			};
			buildConfigurationList = 614568401C55D38F00C3B860 /* Build configuration list for PBXProject "cracking_the_coding_interview" */;
			compatibilityVersion = "Xcode 3.2";
			developmentRegion = English;
			hasScannedForEncodings = 0;
			knownRegions = (
				en,
			);
			mainGroup = 6145683C1C55D38F00C3B860;
			productRefGroup = 614568461C55D38F00C3B860 /* Products */;
			projectDirPath = "";
			projectRoot = "";
			targets = (
				614568441C55D38F00C3B860 /* cracking_the_coding_interview */,
			);
		};
/* End PBXProject section */

/* Begin PBXSourcesBuildPhase section */
		614568411C55D38F00C3B860 /* Sources */ = {
			isa = PBXSourcesBuildPhase;
			buildActionMask = 2147483647;
			files = (
				614568491C55D38F00C3B860 /* main.cpp in Sources */,
			);
			runOnlyForDeploymentPostprocessing = 0;
		};
/* End PBXSourcesBuildPhase section */

/* Begin XCBuildConfiguration section */
		6145684A1C55D38F00C3B860 /* Debug */ = {
			isa = XCBuildConfiguration;
			buildSettings = {
				ALWAYS_SEARCH_USER_PATHS = NO;
				CLANG_CXX_LANGUAGE_STANDARD = "gnu++0x";
				CLANG_CXX_LIBRARY = "libc++";
				CLANG_ENABLE_MODULES = YES;
				CLANG_ENABLE_OBJC_ARC = YES;
				CLANG_WARN_BOOL_CONVERSION = YES;
				CLANG_WARN_CONSTANT_CONVERSION = YES;
				CLANG_WARN_DIRECT_OBJC_ISA_USAGE = YES_ERROR;
				CLANG_WARN_EMPTY_BODY = YES;
				CLANG_WARN_ENUM_CONVERSION = YES;
				CLANG_WARN_INT_CONVERSION = YES;
				CLANG_WARN_OBJC_ROOT_CLASS = YES_ERROR;
				CLANG_WARN_UNREACHABLE_CODE = YES;
				CLANG_WARN__DUPLICATE_METHOD_MATCH = YES;
				CODE_SIGN_IDENTITY = "-";
				COPY_PHASE_STRIP = NO;
				DEBUG_INFORMATION_FORMAT = dwarf;
				ENABLE_STRICT_OBJC_MSGSEND = YES;
				ENABLE_TESTABILITY = YES;
				GCC_C_LANGUAGE_STANDARD = gnu99;
				GCC_DYNAMIC_NO_PIC = NO;
				GCC_NO_COMMON_BLOCKS = YES;
				GCC_OPTIMIZATION_LEVEL = 0;
				GCC_PREPROCESSOR_DEFINITIONS = (
					"DEBUG=1",
					"$(inherited)",
				);
				GCC_WARN_64_TO_32_BIT_CONVERSION = YES;
				GCC_WARN_ABOUT_RETURN_TYPE = YES_ERROR;
				GCC_WARN_UNDECLARED_SELECTOR = YES;
				GCC_WARN_UNINITIALIZED_AUTOS = YES_AGGRESSIVE;
				GCC_WARN_UNUSED_FUNCTION = YES;
				GCC_WARN_UNUSED_VARIABLE = YES;
				MACOSX_DEPLOYMENT_TARGET = 10.11;
				MTL_ENABLE_DEBUG_INFO = YES;
				ONLY_ACTIVE_ARCH = YES;
				SDKROOT = macosx;
			};
			name = Debug;
		};
		6145684B1C55D38F00C3B860 /* Release */ = {
			isa = XCBuildConfiguration;
			buildSettings = {
				ALWAYS_SEARCH_USER_PATHS = NO;
				CLANG_CXX_LANGUAGE_STANDARD = "gnu++0x";
				CLANG_CXX_LIBRARY = "libc++";
				CLANG_ENABLE_MODULES = YES;
				CLANG_ENABLE_OBJC_ARC = YES;
				CLANG_WARN_BOOL_CONVERSION = YES;
				CLANG_WARN_CONSTANT_CONVERSION = YES;
				CLANG_WARN_DIRECT_OBJC_ISA_USAGE = YES_ERROR;
				CLANG_WARN_EMPTY_BODY = YES;
				CLANG_WARN_ENUM_CONVERSION = YES;
				CLANG_WARN_INT_CONVERSION = YES;
				CLANG_WARN_OBJC_ROOT_CLASS = YES_ERROR;
				CLANG_WARN_UNREACHABLE_CODE = YES;
				CLANG_WARN__DUPLICATE_METHOD_MATCH = YES;
				CODE_SIGN_IDENTITY = "-";
				COPY_PHASE_STRIP = NO;
				DEBUG_INFORMATION_FORMAT = "dwarf-with-dsym";
				ENABLE_NS_ASSERTIONS = NO;
				ENABLE_STRICT_OBJC_MSGSEND = YES;
				GCC_C_LANGUAGE_STANDARD = gnu99;
				GCC_NO_COMMON_BLOCKS = YES;
				GCC_WARN_64_TO_32_BIT_CONVERSION = YES;
				GCC_WARN_ABOUT_RETURN_TYPE = YES_ERROR;
				GCC_WARN_UNDECLARED_SELECTOR = YES;
				GCC_WARN_UNINITIALIZED_AUTOS = YES_AGGRESSIVE;
				GCC_WARN_UNUSED_FUNCTION = YES;
				GCC_WARN_UNUSED_VARIABLE = YES;
				MACOSX_DEPLOYMENT_TARGET = 10.11;
				MTL_ENABLE_DEBUG_INFO = NO;
				SDKROOT = macosx;
			};
			name = Release;
		};
		6145684D1C55D38F00C3B860 /* Debug */ = {
			isa = XCBuildConfiguration;
			buildSettings = {
				PRODUCT_NAME = "$(TARGET_NAME)";
			};
			name = Debug;
		};
		6145684E1C55D38F00C3B860 /* Release */ = {
			isa = XCBuildConfiguration;
			buildSettings = {
				PRODUCT_NAME = "$(TARGET_NAME)";
			};
			name = Release;
		};
/* End XCBuildConfiguration section */

/* Begin XCConfigurationList section */
		614568401C55D38F00C3B860 /* Build configuration list for PBXProject "cracking_the_coding_interview" */ = {
			isa = XCConfigurationList;
			buildConfigurations = (
				6145684A1C55D38F00C3B860 /* Debug */,
				6145684B1C55D38F00C3B860 /* Release */,
			);
			defaultConfigurationIsVisible = 0;
			defaultConfigurationName = Release;
		};
		6145684C1C55D38F00C3B860 /* Build configuration list for PBXNativeTarget "cracking_the_coding_interview" */ = {
			isa = XCConfigurationList;
			buildConfigurations = (
				6145684D1C55D38F00C3B860 /* Debug */,
				6145684E1C55D38F00C3B860 /* Release */,
			);
			defaultConfigurationIsVisible = 0;
		};
/* End XCConfigurationList section */
	};
	rootObject = 6145683D1C55D38F00C3B860 /* Project object */;
}
